// !$*UTF8*$!
{
	archiveVersion = 1;
	classes = {
	};
	objectVersion = 55;
	objects = {

/* Begin PBXBuildFile section */
		AD03D7652814694C0079E249 /* PersonalDataConstraints.swift in Sources */ = {isa = PBXBuildFile; fileRef = AD03D7642814694C0079E249 /* PersonalDataConstraints.swift */; };
		AD03D7682814747F0079E249 /* AddressView.swift in Sources */ = {isa = PBXBuildFile; fileRef = AD03D7672814747F0079E249 /* AddressView.swift */; };
		AD03D76B281475540079E249 /* AddressViewController.swift in Sources */ = {isa = PBXBuildFile; fileRef = AD03D76A281475540079E249 /* AddressViewController.swift */; };
		AD3797392816C4BB004420E3 /* AddressConstraints.swift in Sources */ = {isa = PBXBuildFile; fileRef = AD3797382816C4BB004420E3 /* AddressConstraints.swift */; };
		AD37973F2816E38E004420E3 /* ResumeView.swift in Sources */ = {isa = PBXBuildFile; fileRef = AD37973E2816E38E004420E3 /* ResumeView.swift */; };
		AD3797412816E471004420E3 /* ResumeViewConstraints.swift in Sources */ = {isa = PBXBuildFile; fileRef = AD3797402816E471004420E3 /* ResumeViewConstraints.swift */; };
		AD3797442816E4F0004420E3 /* ResumeViewController.swift in Sources */ = {isa = PBXBuildFile; fileRef = AD3797432816E4F0004420E3 /* ResumeViewController.swift */; };
		AD379748281703C0004420E3 /* States.swift in Sources */ = {isa = PBXBuildFile; fileRef = AD379747281703C0004420E3 /* States.swift */; };
		AD424A96280DCD0800555A6E /* AppDelegate.swift in Sources */ = {isa = PBXBuildFile; fileRef = AD424A95280DCD0800555A6E /* AppDelegate.swift */; };
		AD424A98280DCD0800555A6E /* SceneDelegate.swift in Sources */ = {isa = PBXBuildFile; fileRef = AD424A97280DCD0800555A6E /* SceneDelegate.swift */; };
		AD424A9A280DCD0800555A6E /* RegisterViewController.swift in Sources */ = {isa = PBXBuildFile; fileRef = AD424A99280DCD0800555A6E /* RegisterViewController.swift */; };
		AD424A9D280DCD0800555A6E /* Main.storyboard in Resources */ = {isa = PBXBuildFile; fileRef = AD424A9B280DCD0800555A6E /* Main.storyboard */; };
		AD424A9F280DCD0B00555A6E /* Assets.xcassets in Resources */ = {isa = PBXBuildFile; fileRef = AD424A9E280DCD0B00555A6E /* Assets.xcassets */; };
		AD424AA2280DCD0B00555A6E /* LaunchScreen.storyboard in Resources */ = {isa = PBXBuildFile; fileRef = AD424AA0280DCD0B00555A6E /* LaunchScreen.storyboard */; };
		AD424AAB280DCD5900555A6E /* RegisterView.swift in Sources */ = {isa = PBXBuildFile; fileRef = AD424AAA280DCD5900555A6E /* RegisterView.swift */; };
		AD424AAF280DE33C00555A6E /* TextfieldDefault.swift in Sources */ = {isa = PBXBuildFile; fileRef = AD424AAE280DE33C00555A6E /* TextfieldDefault.swift */; };
		AD424AB1280DEAF500555A6E /* LabelDefault.swift in Sources */ = {isa = PBXBuildFile; fileRef = AD424AB0280DEAF500555A6E /* LabelDefault.swift */; };
		AD48F26C281C513C0071947B /* LoginView.swift in Sources */ = {isa = PBXBuildFile; fileRef = AD48F26B281C513C0071947B /* LoginView.swift */; };
		AD48F26E281C53710071947B /* LoginViewConstraints.swift in Sources */ = {isa = PBXBuildFile; fileRef = AD48F26D281C53710071947B /* LoginViewConstraints.swift */; };
		AD48F271281C53C20071947B /* LoginViewController.swift in Sources */ = {isa = PBXBuildFile; fileRef = AD48F270281C53C20071947B /* LoginViewController.swift */; };
		AD48F273281C54280071947B /* LoginCoordinator.swift in Sources */ = {isa = PBXBuildFile; fileRef = AD48F272281C54280071947B /* LoginCoordinator.swift */; };
		AD48F275281C54690071947B /* KeychainHelper.swift in Sources */ = {isa = PBXBuildFile; fileRef = AD48F274281C54690071947B /* KeychainHelper.swift */; };
		AD4EEAB8281841100088CF68 /* ReviewCoordinator.swift in Sources */ = {isa = PBXBuildFile; fileRef = AD4EEAB7281841100088CF68 /* ReviewCoordinator.swift */; };
		AD4EEABA281842DA0088CF68 /* PersonalDataCoordinator.swift in Sources */ = {isa = PBXBuildFile; fileRef = AD4EEAB9281842DA0088CF68 /* PersonalDataCoordinator.swift */; };
		AD4EEABF28185A2F0088CF68 /* RegExp.swift in Sources */ = {isa = PBXBuildFile; fileRef = AD4EEABE28185A2F0088CF68 /* RegExp.swift */; };
		AD4EEAC228185A880088CF68 /* ConstantsColor.swift in Sources */ = {isa = PBXBuildFile; fileRef = AD4EEAC128185A880088CF68 /* ConstantsColor.swift */; };
		AD4EEAC428185ADC0088CF68 /* RegisterViewDelegate.swift in Sources */ = {isa = PBXBuildFile; fileRef = AD4EEAC328185ADC0088CF68 /* RegisterViewDelegate.swift */; };
		AD4EEAC628185F510088CF68 /* ToolBarPicketView.swift in Sources */ = {isa = PBXBuildFile; fileRef = AD4EEAC528185F510088CF68 /* ToolBarPicketView.swift */; };
		AD4EEAC92818606D0088CF68 /* AgeEnums.swift in Sources */ = {isa = PBXBuildFile; fileRef = AD4EEAC82818606D0088CF68 /* AgeEnums.swift */; };
		AD4EEACB281861500088CF68 /* PersonalDataExtensions.swift in Sources */ = {isa = PBXBuildFile; fileRef = AD4EEACA281861500088CF68 /* PersonalDataExtensions.swift */; };
		AD4EEACE281861CB0088CF68 /* String+.swift in Sources */ = {isa = PBXBuildFile; fileRef = AD4EEACD281861CB0088CF68 /* String+.swift */; };
		AD4EEAD0281862000088CF68 /* Numeric+.swift in Sources */ = {isa = PBXBuildFile; fileRef = AD4EEACF281862000088CF68 /* Numeric+.swift */; };
		AD4EEAD22818622A0088CF68 /* Formatter+.swift in Sources */ = {isa = PBXBuildFile; fileRef = AD4EEAD12818622A0088CF68 /* Formatter+.swift */; };
		AD4EEAD4281863A80088CF68 /* UIColor+.swift in Sources */ = {isa = PBXBuildFile; fileRef = AD4EEAD3281863A80088CF68 /* UIColor+.swift */; };
		AD4F79B428241CA500387BD1 /* CoordinatorViewModel.swift in Sources */ = {isa = PBXBuildFile; fileRef = AD4F79B328241CA500387BD1 /* CoordinatorViewModel.swift */; };
		AD4F79B628241CD300387BD1 /* AdressViewModel.swift in Sources */ = {isa = PBXBuildFile; fileRef = AD4F79B528241CD300387BD1 /* AdressViewModel.swift */; };
		ADC0402E281C551F0058B0AF /* UIViewController+.swift in Sources */ = {isa = PBXBuildFile; fileRef = ADC0402D281C551F0058B0AF /* UIViewController+.swift */; };
		ADC04031281C55710058B0AF /* ResumeCoordinator.swift in Sources */ = {isa = PBXBuildFile; fileRef = ADC04030281C55710058B0AF /* ResumeCoordinator.swift */; };
		ADCA6CA12821A97C003A2967 /* PersonalDataModel.swift in Sources */ = {isa = PBXBuildFile; fileRef = ADCA6CA02821A97C003A2967 /* PersonalDataModel.swift */; };
		ADCA6CA32821A9DE003A2967 /* PersonalDataViewModel.swift in Sources */ = {isa = PBXBuildFile; fileRef = ADCA6CA22821A9DE003A2967 /* PersonalDataViewModel.swift */; };
		ADD340A52829449600DB09C8 /* HomeView.swift in Sources */ = {isa = PBXBuildFile; fileRef = ADD340A42829449600DB09C8 /* HomeView.swift */; };
		ADD340A728294EE600DB09C8 /* HomeViewConstraints.swift in Sources */ = {isa = PBXBuildFile; fileRef = ADD340A628294EE600DB09C8 /* HomeViewConstraints.swift */; };
		ADD340A928295A5200DB09C8 /* TabBarController.swift in Sources */ = {isa = PBXBuildFile; fileRef = ADD340A828295A5200DB09C8 /* TabBarController.swift */; };
		ADD340AB28295C9000DB09C8 /* LançamentosViewController.swift in Sources */ = {isa = PBXBuildFile; fileRef = ADD340AA28295C9000DB09C8 /* LançamentosViewController.swift */; };
		ADD340AD28295D3700DB09C8 /* CategoriasViewController.swift in Sources */ = {isa = PBXBuildFile; fileRef = ADD340AC28295D3700DB09C8 /* CategoriasViewController.swift */; };
		ADD340AF2829672200DB09C8 /* LançamentosView.swift in Sources */ = {isa = PBXBuildFile; fileRef = ADD340AE2829672200DB09C8 /* LançamentosView.swift */; };
		ADD340B12829673500DB09C8 /* CategoriasView.swift in Sources */ = {isa = PBXBuildFile; fileRef = ADD340B02829673500DB09C8 /* CategoriasView.swift */; };
		ADE67210281AD597009FF144 /* CEPModel.swift in Sources */ = {isa = PBXBuildFile; fileRef = ADE6720F281AD597009FF144 /* CEPModel.swift */; };
		ADE67214281AD62D009FF144 /* CEPViewModel.swift in Sources */ = {isa = PBXBuildFile; fileRef = ADE67213281AD62D009FF144 /* CEPViewModel.swift */; };
		ADE67217281AD70D009FF144 /* CEPProvider.swift in Sources */ = {isa = PBXBuildFile; fileRef = ADE67216281AD70D009FF144 /* CEPProvider.swift */; };
		ADE67219281AF707009FF144 /* UserViewModel.swift in Sources */ = {isa = PBXBuildFile; fileRef = ADE67218281AF707009FF144 /* UserViewModel.swift */; };
		ADE6721B281AF750009FF144 /* UserModel.swift in Sources */ = {isa = PBXBuildFile; fileRef = ADE6721A281AF750009FF144 /* UserModel.swift */; };
		ADE6721D281AFCFF009FF144 /* UserProvider.swift in Sources */ = {isa = PBXBuildFile; fileRef = ADE6721C281AFCFF009FF144 /* UserProvider.swift */; };
		ADE67221281B1962009FF144 /* AddressExtensions.swift in Sources */ = {isa = PBXBuildFile; fileRef = ADE67220281B1962009FF144 /* AddressExtensions.swift */; };
		ADF7B41B281984DD00B0B31D /* GenderEnums.swift in Sources */ = {isa = PBXBuildFile; fileRef = ADF7B41A281984DD00B0B31D /* GenderEnums.swift */; };
		ADF7B41D281987D900B0B31D /* Collection+.swift in Sources */ = {isa = PBXBuildFile; fileRef = ADF7B41C281987D900B0B31D /* Collection+.swift */; };
		ADF7B41F281987F900B0B31D /* StringProtocol+.swift in Sources */ = {isa = PBXBuildFile; fileRef = ADF7B41E281987F900B0B31D /* StringProtocol+.swift */; };
		ADF7B42128198B8300B0B31D /* ScrollView+.swift in Sources */ = {isa = PBXBuildFile; fileRef = ADF7B42028198B8300B0B31D /* ScrollView+.swift */; };
		ADF7B423281995D400B0B31D /* ViewDefault.swift in Sources */ = {isa = PBXBuildFile; fileRef = ADF7B422281995D400B0B31D /* ViewDefault.swift */; };
		ADF7B4252819977C00B0B31D /* ViewControllerDefault.swift in Sources */ = {isa = PBXBuildFile; fileRef = ADF7B4242819977C00B0B31D /* ViewControllerDefault.swift */; };
		ADF7B427281998A300B0B31D /* UIView+.swift in Sources */ = {isa = PBXBuildFile; fileRef = ADF7B426281998A300B0B31D /* UIView+.swift */; };
		ADFA5C3B28255680008DE502 /* HomeCoordinator.swift in Sources */ = {isa = PBXBuildFile; fileRef = ADFA5C3A28255680008DE502 /* HomeCoordinator.swift */; };
		ADFA5C3E282556E9008DE502 /* HomeViewController.swift in Sources */ = {isa = PBXBuildFile; fileRef = ADFA5C3D282556E9008DE502 /* HomeViewController.swift */; };
		ADFA6109280EEFD50008EBA7 /* ButtomDefault.swift in Sources */ = {isa = PBXBuildFile; fileRef = ADFA6108280EEFD50008EBA7 /* ButtomDefault.swift */; };
		ADFA610C280F3DF90008EBA7 /* PersonalDataVC.swift in Sources */ = {isa = PBXBuildFile; fileRef = ADFA610B280F3DF90008EBA7 /* PersonalDataVC.swift */; };
		ADFA610E280F3E100008EBA7 /* PersonalDataView.swift in Sources */ = {isa = PBXBuildFile; fileRef = ADFA610D280F3E100008EBA7 /* PersonalDataView.swift */; };
		ADFED5C728106CCA00F3BDFA /* RegisterViewConstraints.swift in Sources */ = {isa = PBXBuildFile; fileRef = ADFED5C628106CCA00F3BDFA /* RegisterViewConstraints.swift */; };
		ADFED5CC2810754700F3BDFA /* Coordinator.swift in Sources */ = {isa = PBXBuildFile; fileRef = ADFED5CB2810754700F3BDFA /* Coordinator.swift */; };
		ADFED5CE2810757800F3BDFA /* RegisterCoordinator.swift in Sources */ = {isa = PBXBuildFile; fileRef = ADFED5CD2810757800F3BDFA /* RegisterCoordinator.swift */; };
		ADFED5D028107B6500F3BDFA /* AddressCoordinator.swift in Sources */ = {isa = PBXBuildFile; fileRef = ADFED5CF28107B6500F3BDFA /* AddressCoordinator.swift */; };
		ADFED5D32810877100F3BDFA /* UIViewCanvas in Frameworks */ = {isa = PBXBuildFile; productRef = ADFED5D22810877100F3BDFA /* UIViewCanvas */; };
/* End PBXBuildFile section */

/* Begin PBXFileReference section */
		AD03D7642814694C0079E249 /* PersonalDataConstraints.swift */ = {isa = PBXFileReference; lastKnownFileType = sourcecode.swift; path = PersonalDataConstraints.swift; sourceTree = "<group>"; };
		AD03D7672814747F0079E249 /* AddressView.swift */ = {isa = PBXFileReference; lastKnownFileType = sourcecode.swift; path = AddressView.swift; sourceTree = "<group>"; };
		AD03D76A281475540079E249 /* AddressViewController.swift */ = {isa = PBXFileReference; lastKnownFileType = sourcecode.swift; path = AddressViewController.swift; sourceTree = "<group>"; };
		AD3797382816C4BB004420E3 /* AddressConstraints.swift */ = {isa = PBXFileReference; lastKnownFileType = sourcecode.swift; path = AddressConstraints.swift; sourceTree = "<group>"; };
		AD37973E2816E38E004420E3 /* ResumeView.swift */ = {isa = PBXFileReference; lastKnownFileType = sourcecode.swift; path = ResumeView.swift; sourceTree = "<group>"; };
		AD3797402816E471004420E3 /* ResumeViewConstraints.swift */ = {isa = PBXFileReference; lastKnownFileType = sourcecode.swift; path = ResumeViewConstraints.swift; sourceTree = "<group>"; };
		AD3797432816E4F0004420E3 /* ResumeViewController.swift */ = {isa = PBXFileReference; lastKnownFileType = sourcecode.swift; path = ResumeViewController.swift; sourceTree = "<group>"; };
		AD379747281703C0004420E3 /* States.swift */ = {isa = PBXFileReference; lastKnownFileType = sourcecode.swift; path = States.swift; sourceTree = "<group>"; };
		AD424A92280DCD0800555A6E /* RegisterApp.app */ = {isa = PBXFileReference; explicitFileType = wrapper.application; includeInIndex = 0; path = RegisterApp.app; sourceTree = BUILT_PRODUCTS_DIR; };
		AD424A95280DCD0800555A6E /* AppDelegate.swift */ = {isa = PBXFileReference; lastKnownFileType = sourcecode.swift; path = AppDelegate.swift; sourceTree = "<group>"; };
		AD424A97280DCD0800555A6E /* SceneDelegate.swift */ = {isa = PBXFileReference; lastKnownFileType = sourcecode.swift; path = SceneDelegate.swift; sourceTree = "<group>"; };
		AD424A99280DCD0800555A6E /* RegisterViewController.swift */ = {isa = PBXFileReference; lastKnownFileType = sourcecode.swift; path = RegisterViewController.swift; sourceTree = "<group>"; };
		AD424A9C280DCD0800555A6E /* Base */ = {isa = PBXFileReference; lastKnownFileType = file.storyboard; name = Base; path = Base.lproj/Main.storyboard; sourceTree = "<group>"; };
		AD424A9E280DCD0B00555A6E /* Assets.xcassets */ = {isa = PBXFileReference; lastKnownFileType = folder.assetcatalog; path = Assets.xcassets; sourceTree = "<group>"; };
		AD424AA1280DCD0B00555A6E /* Base */ = {isa = PBXFileReference; lastKnownFileType = file.storyboard; name = Base; path = Base.lproj/LaunchScreen.storyboard; sourceTree = "<group>"; };
		AD424AA3280DCD0B00555A6E /* Info.plist */ = {isa = PBXFileReference; lastKnownFileType = text.plist.xml; path = Info.plist; sourceTree = "<group>"; };
		AD424AAA280DCD5900555A6E /* RegisterView.swift */ = {isa = PBXFileReference; lastKnownFileType = sourcecode.swift; path = RegisterView.swift; sourceTree = "<group>"; };
		AD424AAE280DE33C00555A6E /* TextfieldDefault.swift */ = {isa = PBXFileReference; lastKnownFileType = sourcecode.swift; path = TextfieldDefault.swift; sourceTree = "<group>"; };
		AD424AB0280DEAF500555A6E /* LabelDefault.swift */ = {isa = PBXFileReference; lastKnownFileType = sourcecode.swift; path = LabelDefault.swift; sourceTree = "<group>"; };
		AD48F26B281C513C0071947B /* LoginView.swift */ = {isa = PBXFileReference; lastKnownFileType = sourcecode.swift; path = LoginView.swift; sourceTree = "<group>"; };
		AD48F26D281C53710071947B /* LoginViewConstraints.swift */ = {isa = PBXFileReference; lastKnownFileType = sourcecode.swift; path = LoginViewConstraints.swift; sourceTree = "<group>"; };
		AD48F270281C53C20071947B /* LoginViewController.swift */ = {isa = PBXFileReference; lastKnownFileType = sourcecode.swift; path = LoginViewController.swift; sourceTree = "<group>"; };
		AD48F272281C54280071947B /* LoginCoordinator.swift */ = {isa = PBXFileReference; lastKnownFileType = sourcecode.swift; path = LoginCoordinator.swift; sourceTree = "<group>"; };
		AD48F274281C54690071947B /* KeychainHelper.swift */ = {isa = PBXFileReference; lastKnownFileType = sourcecode.swift; path = KeychainHelper.swift; sourceTree = "<group>"; };
		AD4EEAB7281841100088CF68 /* ReviewCoordinator.swift */ = {isa = PBXFileReference; lastKnownFileType = sourcecode.swift; path = ReviewCoordinator.swift; sourceTree = "<group>"; };
		AD4EEAB9281842DA0088CF68 /* PersonalDataCoordinator.swift */ = {isa = PBXFileReference; lastKnownFileType = sourcecode.swift; path = PersonalDataCoordinator.swift; sourceTree = "<group>"; };
		AD4EEABE28185A2F0088CF68 /* RegExp.swift */ = {isa = PBXFileReference; lastKnownFileType = sourcecode.swift; path = RegExp.swift; sourceTree = "<group>"; };
		AD4EEAC128185A880088CF68 /* ConstantsColor.swift */ = {isa = PBXFileReference; lastKnownFileType = sourcecode.swift; path = ConstantsColor.swift; sourceTree = "<group>"; };
		AD4EEAC328185ADC0088CF68 /* RegisterViewDelegate.swift */ = {isa = PBXFileReference; lastKnownFileType = sourcecode.swift; path = RegisterViewDelegate.swift; sourceTree = "<group>"; };
		AD4EEAC528185F510088CF68 /* ToolBarPicketView.swift */ = {isa = PBXFileReference; lastKnownFileType = sourcecode.swift; path = ToolBarPicketView.swift; sourceTree = "<group>"; };
		AD4EEAC82818606D0088CF68 /* AgeEnums.swift */ = {isa = PBXFileReference; lastKnownFileType = sourcecode.swift; path = AgeEnums.swift; sourceTree = "<group>"; };
		AD4EEACA281861500088CF68 /* PersonalDataExtensions.swift */ = {isa = PBXFileReference; lastKnownFileType = sourcecode.swift; path = PersonalDataExtensions.swift; sourceTree = "<group>"; };
		AD4EEACD281861CB0088CF68 /* String+.swift */ = {isa = PBXFileReference; lastKnownFileType = sourcecode.swift; path = "String+.swift"; sourceTree = "<group>"; };
		AD4EEACF281862000088CF68 /* Numeric+.swift */ = {isa = PBXFileReference; lastKnownFileType = sourcecode.swift; path = "Numeric+.swift"; sourceTree = "<group>"; };
		AD4EEAD12818622A0088CF68 /* Formatter+.swift */ = {isa = PBXFileReference; lastKnownFileType = sourcecode.swift; path = "Formatter+.swift"; sourceTree = "<group>"; };
		AD4EEAD3281863A80088CF68 /* UIColor+.swift */ = {isa = PBXFileReference; lastKnownFileType = sourcecode.swift; path = "UIColor+.swift"; sourceTree = "<group>"; };
		AD4F79B328241CA500387BD1 /* CoordinatorViewModel.swift */ = {isa = PBXFileReference; lastKnownFileType = sourcecode.swift; path = CoordinatorViewModel.swift; sourceTree = "<group>"; };
		AD4F79B528241CD300387BD1 /* AdressViewModel.swift */ = {isa = PBXFileReference; lastKnownFileType = sourcecode.swift; path = AdressViewModel.swift; sourceTree = "<group>"; };
		ADC0402D281C551F0058B0AF /* UIViewController+.swift */ = {isa = PBXFileReference; lastKnownFileType = sourcecode.swift; path = "UIViewController+.swift"; sourceTree = "<group>"; };
		ADC04030281C55710058B0AF /* ResumeCoordinator.swift */ = {isa = PBXFileReference; lastKnownFileType = sourcecode.swift; path = ResumeCoordinator.swift; sourceTree = "<group>"; };
		ADCA6CA02821A97C003A2967 /* PersonalDataModel.swift */ = {isa = PBXFileReference; lastKnownFileType = sourcecode.swift; path = PersonalDataModel.swift; sourceTree = "<group>"; };
		ADCA6CA22821A9DE003A2967 /* PersonalDataViewModel.swift */ = {isa = PBXFileReference; lastKnownFileType = sourcecode.swift; path = PersonalDataViewModel.swift; sourceTree = "<group>"; };
		ADD340A42829449600DB09C8 /* HomeView.swift */ = {isa = PBXFileReference; lastKnownFileType = sourcecode.swift; path = HomeView.swift; sourceTree = "<group>"; };
		ADD340A628294EE600DB09C8 /* HomeViewConstraints.swift */ = {isa = PBXFileReference; lastKnownFileType = sourcecode.swift; path = HomeViewConstraints.swift; sourceTree = "<group>"; };
		ADD340A828295A5200DB09C8 /* TabBarController.swift */ = {isa = PBXFileReference; lastKnownFileType = sourcecode.swift; path = TabBarController.swift; sourceTree = "<group>"; };
		ADD340AA28295C9000DB09C8 /* LançamentosViewController.swift */ = {isa = PBXFileReference; lastKnownFileType = sourcecode.swift; path = "LançamentosViewController.swift"; sourceTree = "<group>"; };
		ADD340AC28295D3700DB09C8 /* CategoriasViewController.swift */ = {isa = PBXFileReference; lastKnownFileType = sourcecode.swift; path = CategoriasViewController.swift; sourceTree = "<group>"; };
		ADD340AE2829672200DB09C8 /* LançamentosView.swift */ = {isa = PBXFileReference; lastKnownFileType = sourcecode.swift; path = "LançamentosView.swift"; sourceTree = "<group>"; };
		ADD340B02829673500DB09C8 /* CategoriasView.swift */ = {isa = PBXFileReference; lastKnownFileType = sourcecode.swift; path = CategoriasView.swift; sourceTree = "<group>"; };
		ADE6720F281AD597009FF144 /* CEPModel.swift */ = {isa = PBXFileReference; lastKnownFileType = sourcecode.swift; path = CEPModel.swift; sourceTree = "<group>"; };
		ADE67213281AD62D009FF144 /* CEPViewModel.swift */ = {isa = PBXFileReference; lastKnownFileType = sourcecode.swift; path = CEPViewModel.swift; sourceTree = "<group>"; };
		ADE67216281AD70D009FF144 /* CEPProvider.swift */ = {isa = PBXFileReference; lastKnownFileType = sourcecode.swift; path = CEPProvider.swift; sourceTree = "<group>"; };
		ADE67218281AF707009FF144 /* UserViewModel.swift */ = {isa = PBXFileReference; lastKnownFileType = sourcecode.swift; path = UserViewModel.swift; sourceTree = "<group>"; };
		ADE6721A281AF750009FF144 /* UserModel.swift */ = {isa = PBXFileReference; lastKnownFileType = sourcecode.swift; path = UserModel.swift; sourceTree = "<group>"; };
		ADE6721C281AFCFF009FF144 /* UserProvider.swift */ = {isa = PBXFileReference; lastKnownFileType = sourcecode.swift; path = UserProvider.swift; sourceTree = "<group>"; };
		ADE67220281B1962009FF144 /* AddressExtensions.swift */ = {isa = PBXFileReference; lastKnownFileType = sourcecode.swift; path = AddressExtensions.swift; sourceTree = "<group>"; };
		ADF7B41A281984DD00B0B31D /* GenderEnums.swift */ = {isa = PBXFileReference; lastKnownFileType = sourcecode.swift; path = GenderEnums.swift; sourceTree = "<group>"; };
		ADF7B41C281987D900B0B31D /* Collection+.swift */ = {isa = PBXFileReference; lastKnownFileType = sourcecode.swift; path = "Collection+.swift"; sourceTree = "<group>"; };
		ADF7B41E281987F900B0B31D /* StringProtocol+.swift */ = {isa = PBXFileReference; lastKnownFileType = sourcecode.swift; path = "StringProtocol+.swift"; sourceTree = "<group>"; };
		ADF7B42028198B8300B0B31D /* ScrollView+.swift */ = {isa = PBXFileReference; lastKnownFileType = sourcecode.swift; path = "ScrollView+.swift"; sourceTree = "<group>"; };
		ADF7B422281995D400B0B31D /* ViewDefault.swift */ = {isa = PBXFileReference; lastKnownFileType = sourcecode.swift; path = ViewDefault.swift; sourceTree = "<group>"; };
		ADF7B4242819977C00B0B31D /* ViewControllerDefault.swift */ = {isa = PBXFileReference; lastKnownFileType = sourcecode.swift; path = ViewControllerDefault.swift; sourceTree = "<group>"; };
		ADF7B426281998A300B0B31D /* UIView+.swift */ = {isa = PBXFileReference; lastKnownFileType = sourcecode.swift; path = "UIView+.swift"; sourceTree = "<group>"; };
		ADFA5C3A28255680008DE502 /* HomeCoordinator.swift */ = {isa = PBXFileReference; lastKnownFileType = sourcecode.swift; path = HomeCoordinator.swift; sourceTree = "<group>"; };
		ADFA5C3D282556E9008DE502 /* HomeViewController.swift */ = {isa = PBXFileReference; lastKnownFileType = sourcecode.swift; path = HomeViewController.swift; sourceTree = "<group>"; };
		ADFA6108280EEFD50008EBA7 /* ButtomDefault.swift */ = {isa = PBXFileReference; lastKnownFileType = sourcecode.swift; path = ButtomDefault.swift; sourceTree = "<group>"; };
		ADFA610B280F3DF90008EBA7 /* PersonalDataVC.swift */ = {isa = PBXFileReference; lastKnownFileType = sourcecode.swift; path = PersonalDataVC.swift; sourceTree = "<group>"; };
		ADFA610D280F3E100008EBA7 /* PersonalDataView.swift */ = {isa = PBXFileReference; lastKnownFileType = sourcecode.swift; path = PersonalDataView.swift; sourceTree = "<group>"; };
		ADFED5C628106CCA00F3BDFA /* RegisterViewConstraints.swift */ = {isa = PBXFileReference; lastKnownFileType = sourcecode.swift; path = RegisterViewConstraints.swift; sourceTree = "<group>"; };
		ADFED5CB2810754700F3BDFA /* Coordinator.swift */ = {isa = PBXFileReference; lastKnownFileType = sourcecode.swift; path = Coordinator.swift; sourceTree = "<group>"; };
		ADFED5CD2810757800F3BDFA /* RegisterCoordinator.swift */ = {isa = PBXFileReference; lastKnownFileType = sourcecode.swift; path = RegisterCoordinator.swift; sourceTree = "<group>"; };
		ADFED5CF28107B6500F3BDFA /* AddressCoordinator.swift */ = {isa = PBXFileReference; lastKnownFileType = sourcecode.swift; path = AddressCoordinator.swift; sourceTree = "<group>"; };
/* End PBXFileReference section */

/* Begin PBXFrameworksBuildPhase section */
		AD424A8F280DCD0800555A6E /* Frameworks */ = {
			isa = PBXFrameworksBuildPhase;
			buildActionMask = 2147483647;
			files = (
				ADFED5D32810877100F3BDFA /* UIViewCanvas in Frameworks */,
			);
			runOnlyForDeploymentPostprocessing = 0;
		};
/* End PBXFrameworksBuildPhase section */

/* Begin PBXGroup section */
		AD03D7662814742B0079E249 /* Address's */ = {
			isa = PBXGroup;
			children = (
				AD3797462816ED44004420E3 /* AddressView */,
			);
			path = "Address's";
			sourceTree = "<group>";
		};
		AD3797362816C41B004420E3 /* PersonalDataVC */ = {
			isa = PBXGroup;
			children = (
				ADFA610B280F3DF90008EBA7 /* PersonalDataVC.swift */,
			);
			path = PersonalDataVC;
			sourceTree = "<group>";
		};
		AD3797372816C448004420E3 /* AddressVewController */ = {
			isa = PBXGroup;
			children = (
				AD03D76A281475540079E249 /* AddressViewController.swift */,
			);
			path = AddressVewController;
			sourceTree = "<group>";
		};
		AD37973D2816E369004420E3 /* ResumeView */ = {
			isa = PBXGroup;
			children = (
				AD3797452816ED2C004420E3 /* ResumeView */,
			);
			path = ResumeView;
			sourceTree = "<group>";
		};
		AD3797422816E4D3004420E3 /* ResumeViewController */ = {
			isa = PBXGroup;
			children = (
				AD3797432816E4F0004420E3 /* ResumeViewController.swift */,
			);
			path = ResumeViewController;
			sourceTree = "<group>";
		};
		AD3797452816ED2C004420E3 /* ResumeView */ = {
			isa = PBXGroup;
			children = (
				AD37973E2816E38E004420E3 /* ResumeView.swift */,
				AD3797402816E471004420E3 /* ResumeViewConstraints.swift */,
			);
			path = ResumeView;
			sourceTree = "<group>";
		};
		AD3797462816ED44004420E3 /* AddressView */ = {
			isa = PBXGroup;
			children = (
				AD03D7672814747F0079E249 /* AddressView.swift */,
				AD3797382816C4BB004420E3 /* AddressConstraints.swift */,
				AD379747281703C0004420E3 /* States.swift */,
				ADE67220281B1962009FF144 /* AddressExtensions.swift */,
			);
			path = AddressView;
			sourceTree = "<group>";
		};
		AD424A89280DCD0800555A6E = {
			isa = PBXGroup;
			children = (
				AD424A94280DCD0800555A6E /* RegisterApp */,
				AD424A93280DCD0800555A6E /* Products */,
			);
			sourceTree = "<group>";
		};
		AD424A93280DCD0800555A6E /* Products */ = {
			isa = PBXGroup;
			children = (
				AD424A92280DCD0800555A6E /* RegisterApp.app */,
			);
			name = Products;
			sourceTree = "<group>";
		};
		AD424A94280DCD0800555A6E /* RegisterApp */ = {
			isa = PBXGroup;
			children = (
				AD424AAD280DCE7C00555A6E /* Delegate's */,
				ADD340B228296ADF00DB09C8 /* TabBar */,
				ADE6721F281B0FC6009FF144 /* Views */,
				AD424AAC280DCE4700555A6E /* ViewControllers */,
				AD424A9B280DCD0800555A6E /* Main.storyboard */,
				AD424A9E280DCD0B00555A6E /* Assets.xcassets */,
				AD424AA0280DCD0B00555A6E /* LaunchScreen.storyboard */,
				AD424AA3280DCD0B00555A6E /* Info.plist */,
				ADFED5C9281074DD00F3BDFA /* Source */,
			);
			path = RegisterApp;
			sourceTree = "<group>";
		};
		AD424AA9280DCD4200555A6E /* Register */ = {
			isa = PBXGroup;
			children = (
				AD424AAA280DCD5900555A6E /* RegisterView.swift */,
				ADFED5C628106CCA00F3BDFA /* RegisterViewConstraints.swift */,
				AD4EEAC328185ADC0088CF68 /* RegisterViewDelegate.swift */,
			);
			path = Register;
			sourceTree = "<group>";
		};
		AD424AAC280DCE4700555A6E /* ViewControllers */ = {
			isa = PBXGroup;
			children = (
				ADFA5C3C282556D2008DE502 /* Home */,
				AD48F26F281C539E0071947B /* LoginViewController */,
				AD3797422816E4D3004420E3 /* ResumeViewController */,
				AD3797372816C448004420E3 /* AddressVewController */,
				AD3797362816C41B004420E3 /* PersonalDataVC */,
				ADFED5C82810710100F3BDFA /* Register */,
			);
			path = ViewControllers;
			sourceTree = "<group>";
		};
		AD424AAD280DCE7C00555A6E /* Delegate's */ = {
			isa = PBXGroup;
			children = (
				AD424A97280DCD0800555A6E /* SceneDelegate.swift */,
				AD424A95280DCD0800555A6E /* AppDelegate.swift */,
			);
			path = "Delegate's";
			sourceTree = "<group>";
		};
		AD48F26A281C51230071947B /* LoginView */ = {
			isa = PBXGroup;
			children = (
				AD48F26B281C513C0071947B /* LoginView.swift */,
				AD48F26D281C53710071947B /* LoginViewConstraints.swift */,
			);
			path = LoginView;
			sourceTree = "<group>";
		};
		AD48F26F281C539E0071947B /* LoginViewController */ = {
			isa = PBXGroup;
			children = (
				AD48F270281C53C20071947B /* LoginViewController.swift */,
			);
			path = LoginViewController;
			sourceTree = "<group>";
		};
		AD4EEABD28185A060088CF68 /* Utils */ = {
			isa = PBXGroup;
			children = (
				AD4EEABE28185A2F0088CF68 /* RegExp.swift */,
				AD48F274281C54690071947B /* KeychainHelper.swift */,
			);
			path = Utils;
			sourceTree = "<group>";
		};
		AD4EEAC028185A5E0088CF68 /* Constants */ = {
			isa = PBXGroup;
			children = (
				AD4EEAC128185A880088CF68 /* ConstantsColor.swift */,
			);
			path = Constants;
			sourceTree = "<group>";
		};
		AD4EEAC72818604D0088CF68 /* Enums */ = {
			isa = PBXGroup;
			children = (
				AD4EEAC82818606D0088CF68 /* AgeEnums.swift */,
				ADF7B41A281984DD00B0B31D /* GenderEnums.swift */,
			);
			path = Enums;
			sourceTree = "<group>";
		};
		AD4EEACC281861970088CF68 /* Extensions */ = {
			isa = PBXGroup;
			children = (
				AD4EEACD281861CB0088CF68 /* String+.swift */,
				AD4EEACF281862000088CF68 /* Numeric+.swift */,
				AD4EEAD12818622A0088CF68 /* Formatter+.swift */,
				AD4EEAD3281863A80088CF68 /* UIColor+.swift */,
				ADF7B41C281987D900B0B31D /* Collection+.swift */,
				ADF7B41E281987F900B0B31D /* StringProtocol+.swift */,
				ADF7B42028198B8300B0B31D /* ScrollView+.swift */,
				ADF7B426281998A300B0B31D /* UIView+.swift */,
				ADC0402D281C551F0058B0AF /* UIViewController+.swift */,
			);
			path = Extensions;
			sourceTree = "<group>";
		};
		ADD340A32829446200DB09C8 /* Home */ = {
			isa = PBXGroup;
			children = (
				ADD340A42829449600DB09C8 /* HomeView.swift */,
				ADD340A628294EE600DB09C8 /* HomeViewConstraints.swift */,
			);
			path = Home;
			sourceTree = "<group>";
		};
		ADD340B228296ADF00DB09C8 /* TabBar */ = {
			isa = PBXGroup;
			children = (
				ADD340A828295A5200DB09C8 /* TabBarController.swift */,
				ADD340AA28295C9000DB09C8 /* LançamentosViewController.swift */,
				ADD340AC28295D3700DB09C8 /* CategoriasViewController.swift */,
				ADD340AE2829672200DB09C8 /* LançamentosView.swift */,
				ADD340B02829673500DB09C8 /* CategoriasView.swift */,
			);
			path = TabBar;
			sourceTree = "<group>";
		};
		ADE67211281AD5AF009FF144 /* Model */ = {
			isa = PBXGroup;
			children = (
				ADE6720F281AD597009FF144 /* CEPModel.swift */,
				ADE6721A281AF750009FF144 /* UserModel.swift */,
				ADCA6CA02821A97C003A2967 /* PersonalDataModel.swift */,
			);
			path = Model;
			sourceTree = "<group>";
		};
		ADE67212281AD5FC009FF144 /* ViewModel */ = {
			isa = PBXGroup;
			children = (
				ADE67213281AD62D009FF144 /* CEPViewModel.swift */,
				ADE67218281AF707009FF144 /* UserViewModel.swift */,
				ADCA6CA22821A9DE003A2967 /* PersonalDataViewModel.swift */,
				AD4F79B328241CA500387BD1 /* CoordinatorViewModel.swift */,
				AD4F79B528241CD300387BD1 /* AdressViewModel.swift */,
			);
			path = ViewModel;
			sourceTree = "<group>";
		};
		ADE67215281AD6F2009FF144 /* Provider */ = {
			isa = PBXGroup;
			children = (
				ADE67216281AD70D009FF144 /* CEPProvider.swift */,
				ADE6721C281AFCFF009FF144 /* UserProvider.swift */,
			);
			path = Provider;
			sourceTree = "<group>";
		};
		ADE6721E281B0F4A009FF144 /* API */ = {
			isa = PBXGroup;
			children = (
				ADE67215281AD6F2009FF144 /* Provider */,
				ADE67212281AD5FC009FF144 /* ViewModel */,
				ADE67211281AD5AF009FF144 /* Model */,
			);
			path = API;
			sourceTree = "<group>";
		};
		ADE6721F281B0FC6009FF144 /* Views */ = {
			isa = PBXGroup;
			children = (
				ADD340A32829446200DB09C8 /* Home */,
				AD48F26A281C51230071947B /* LoginView */,
				AD424AA9280DCD4200555A6E /* Register */,
				ADFED5D428108EB500F3BDFA /* PersonalData */,
				AD03D7662814742B0079E249 /* Address's */,
				AD37973D2816E369004420E3 /* ResumeView */,
			);
			path = Views;
			sourceTree = "<group>";
		};
		ADF7B4192819764100B0B31D /* Infrastructure */ = {
			isa = PBXGroup;
			children = (
				AD4EEAC72818604D0088CF68 /* Enums */,
				AD4EEACC281861970088CF68 /* Extensions */,
				AD4EEAC028185A5E0088CF68 /* Constants */,
				AD4EEABD28185A060088CF68 /* Utils */,
			);
			path = Infrastructure;
			sourceTree = "<group>";
		};
		ADFA5C3C282556D2008DE502 /* Home */ = {
			isa = PBXGroup;
			children = (
				ADFA5C3D282556E9008DE502 /* HomeViewController.swift */,
			);
			path = Home;
			sourceTree = "<group>";
		};
		ADFA610A280EF7DC0008EBA7 /* Componentes */ = {
			isa = PBXGroup;
			children = (
				ADF7B422281995D400B0B31D /* ViewDefault.swift */,
				AD424AAE280DE33C00555A6E /* TextfieldDefault.swift */,
				AD424AB0280DEAF500555A6E /* LabelDefault.swift */,
				ADFA6108280EEFD50008EBA7 /* ButtomDefault.swift */,
				AD4EEAC528185F510088CF68 /* ToolBarPicketView.swift */,
				ADF7B4242819977C00B0B31D /* ViewControllerDefault.swift */,
			);
			path = Componentes;
			sourceTree = "<group>";
		};
		ADFED5C82810710100F3BDFA /* Register */ = {
			isa = PBXGroup;
			children = (
				AD424A99280DCD0800555A6E /* RegisterViewController.swift */,
			);
			path = Register;
			sourceTree = "<group>";
		};
		ADFED5C9281074DD00F3BDFA /* Source */ = {
			isa = PBXGroup;
			children = (
				ADE6721E281B0F4A009FF144 /* API */,
				ADFED5CA281074F600F3BDFA /* coordinator */,
				ADF7B4192819764100B0B31D /* Infrastructure */,
				ADFA610A280EF7DC0008EBA7 /* Componentes */,
			);
			path = Source;
			sourceTree = "<group>";
		};
		ADFED5CA281074F600F3BDFA /* coordinator */ = {
			isa = PBXGroup;
			children = (
				ADFED5CB2810754700F3BDFA /* Coordinator.swift */,
				ADFED5CD2810757800F3BDFA /* RegisterCoordinator.swift */,
				AD4EEAB9281842DA0088CF68 /* PersonalDataCoordinator.swift */,
				ADFED5CF28107B6500F3BDFA /* AddressCoordinator.swift */,
				AD4EEAB7281841100088CF68 /* ReviewCoordinator.swift */,
				AD48F272281C54280071947B /* LoginCoordinator.swift */,
				ADC04030281C55710058B0AF /* ResumeCoordinator.swift */,
				ADFA5C3A28255680008DE502 /* HomeCoordinator.swift */,
			);
			path = coordinator;
			sourceTree = "<group>";
		};
		ADFED5D428108EB500F3BDFA /* PersonalData */ = {
			isa = PBXGroup;
			children = (
				ADFED5D628108F6300F3BDFA /* PersonalDataView */,
			);
			path = PersonalData;
			sourceTree = "<group>";
		};
		ADFED5D628108F6300F3BDFA /* PersonalDataView */ = {
			isa = PBXGroup;
			children = (
				ADFA610D280F3E100008EBA7 /* PersonalDataView.swift */,
				AD03D7642814694C0079E249 /* PersonalDataConstraints.swift */,
				AD4EEACA281861500088CF68 /* PersonalDataExtensions.swift */,
			);
			path = PersonalDataView;
			sourceTree = "<group>";
		};
/* End PBXGroup section */

/* Begin PBXNativeTarget section */
		AD424A91280DCD0800555A6E /* RegisterApp */ = {
			isa = PBXNativeTarget;
			buildConfigurationList = AD424AA6280DCD0B00555A6E /* Build configuration list for PBXNativeTarget "RegisterApp" */;
			buildPhases = (
				AD424A8E280DCD0800555A6E /* Sources */,
				AD424A8F280DCD0800555A6E /* Frameworks */,
				AD424A90280DCD0800555A6E /* Resources */,
			);
			buildRules = (
			);
			dependencies = (
			);
			name = RegisterApp;
			packageProductDependencies = (
				ADFED5D22810877100F3BDFA /* UIViewCanvas */,
			);
			productName = RegisterApp;
			productReference = AD424A92280DCD0800555A6E /* RegisterApp.app */;
			productType = "com.apple.product-type.application";
		};
/* End PBXNativeTarget section */

/* Begin PBXProject section */
		AD424A8A280DCD0800555A6E /* Project object */ = {
			isa = PBXProject;
			attributes = {
				BuildIndependentTargetsInParallel = 1;
				LastSwiftUpdateCheck = 1320;
				LastUpgradeCheck = 1320;
				TargetAttributes = {
					AD424A91280DCD0800555A6E = {
						CreatedOnToolsVersion = 13.2.1;
					};
				};
			};
			buildConfigurationList = AD424A8D280DCD0800555A6E /* Build configuration list for PBXProject "RegisterApp" */;
			compatibilityVersion = "Xcode 13.0";
			developmentRegion = en;
			hasScannedForEncodings = 0;
			knownRegions = (
				en,
				Base,
			);
			mainGroup = AD424A89280DCD0800555A6E;
			packageReferences = (
				ADFED5D12810877100F3BDFA /* XCRemoteSwiftPackageReference "UIViewCanvas" */,
			);
			productRefGroup = AD424A93280DCD0800555A6E /* Products */;
			projectDirPath = "";
			projectRoot = "";
			targets = (
				AD424A91280DCD0800555A6E /* RegisterApp */,
			);
		};
/* End PBXProject section */

/* Begin PBXResourcesBuildPhase section */
		AD424A90280DCD0800555A6E /* Resources */ = {
			isa = PBXResourcesBuildPhase;
			buildActionMask = 2147483647;
			files = (
				AD424AA2280DCD0B00555A6E /* LaunchScreen.storyboard in Resources */,
				AD424A9F280DCD0B00555A6E /* Assets.xcassets in Resources */,
				AD424A9D280DCD0800555A6E /* Main.storyboard in Resources */,
			);
			runOnlyForDeploymentPostprocessing = 0;
		};
/* End PBXResourcesBuildPhase section */

/* Begin PBXSourcesBuildPhase section */
		AD424A8E280DCD0800555A6E /* Sources */ = {
			isa = PBXSourcesBuildPhase;
			buildActionMask = 2147483647;
			files = (
				AD48F273281C54280071947B /* LoginCoordinator.swift in Sources */,
				AD424AAB280DCD5900555A6E /* RegisterView.swift in Sources */,
				ADE67219281AF707009FF144 /* UserViewModel.swift in Sources */,
				AD4EEAD0281862000088CF68 /* Numeric+.swift in Sources */,
				ADFA6109280EEFD50008EBA7 /* ButtomDefault.swift in Sources */,
				AD4EEABF28185A2F0088CF68 /* RegExp.swift in Sources */,
				ADF7B427281998A300B0B31D /* UIView+.swift in Sources */,
				AD3797412816E471004420E3 /* ResumeViewConstraints.swift in Sources */,
				ADD340AF2829672200DB09C8 /* LançamentosView.swift in Sources */,
				AD03D76B281475540079E249 /* AddressViewController.swift in Sources */,
				ADE67210281AD597009FF144 /* CEPModel.swift in Sources */,
				ADD340A52829449600DB09C8 /* HomeView.swift in Sources */,
				ADFA610E280F3E100008EBA7 /* PersonalDataView.swift in Sources */,
				AD03D7652814694C0079E249 /* PersonalDataConstraints.swift in Sources */,
				AD4F79B628241CD300387BD1 /* AdressViewModel.swift in Sources */,
				ADF7B423281995D400B0B31D /* ViewDefault.swift in Sources */,
				AD424A9A280DCD0800555A6E /* RegisterViewController.swift in Sources */,
				AD424AAF280DE33C00555A6E /* TextfieldDefault.swift in Sources */,
				ADCA6CA12821A97C003A2967 /* PersonalDataModel.swift in Sources */,
				ADFA5C3B28255680008DE502 /* HomeCoordinator.swift in Sources */,
				AD4EEAD22818622A0088CF68 /* Formatter+.swift in Sources */,
				ADFED5CE2810757800F3BDFA /* RegisterCoordinator.swift in Sources */,
				ADC04031281C55710058B0AF /* ResumeCoordinator.swift in Sources */,
				AD48F26E281C53710071947B /* LoginViewConstraints.swift in Sources */,
				ADFA5C3E282556E9008DE502 /* HomeViewController.swift in Sources */,
				AD4EEAC92818606D0088CF68 /* AgeEnums.swift in Sources */,
				ADE6721D281AFCFF009FF144 /* UserProvider.swift in Sources */,
				AD4EEAC628185F510088CF68 /* ToolBarPicketView.swift in Sources */,
				ADF7B42128198B8300B0B31D /* ScrollView+.swift in Sources */,
				AD4EEAC228185A880088CF68 /* ConstantsColor.swift in Sources */,
				AD379748281703C0004420E3 /* States.swift in Sources */,
				AD37973F2816E38E004420E3 /* ResumeView.swift in Sources */,
				ADE67214281AD62D009FF144 /* CEPViewModel.swift in Sources */,
				ADD340B12829673500DB09C8 /* CategoriasView.swift in Sources */,
				AD3797442816E4F0004420E3 /* ResumeViewController.swift in Sources */,
				AD4EEABA281842DA0088CF68 /* PersonalDataCoordinator.swift in Sources */,
				ADD340AD28295D3700DB09C8 /* CategoriasViewController.swift in Sources */,
				ADFA610C280F3DF90008EBA7 /* PersonalDataVC.swift in Sources */,
				ADFED5D028107B6500F3BDFA /* AddressCoordinator.swift in Sources */,
				AD3797392816C4BB004420E3 /* AddressConstraints.swift in Sources */,
				AD4EEACB281861500088CF68 /* PersonalDataExtensions.swift in Sources */,
				AD48F26C281C513C0071947B /* LoginView.swift in Sources */,
				ADD340A928295A5200DB09C8 /* TabBarController.swift in Sources */,
				ADE67221281B1962009FF144 /* AddressExtensions.swift in Sources */,
				ADFED5CC2810754700F3BDFA /* Coordinator.swift in Sources */,
				ADF7B41F281987F900B0B31D /* StringProtocol+.swift in Sources */,
				AD4EEACE281861CB0088CF68 /* String+.swift in Sources */,
				ADD340AB28295C9000DB09C8 /* LançamentosViewController.swift in Sources */,
				ADCA6CA32821A9DE003A2967 /* PersonalDataViewModel.swift in Sources */,
				ADE67217281AD70D009FF144 /* CEPProvider.swift in Sources */,
				ADF7B41B281984DD00B0B31D /* GenderEnums.swift in Sources */,
				ADD340A728294EE600DB09C8 /* HomeViewConstraints.swift in Sources */,
				ADC0402E281C551F0058B0AF /* UIViewController+.swift in Sources */,
				AD4F79B428241CA500387BD1 /* CoordinatorViewModel.swift in Sources */,
				AD48F271281C53C20071947B /* LoginViewController.swift in Sources */,
				ADF7B41D281987D900B0B31D /* Collection+.swift in Sources */,
				ADFED5C728106CCA00F3BDFA /* RegisterViewConstraints.swift in Sources */,
				AD4EEAD4281863A80088CF68 /* UIColor+.swift in Sources */,
				AD424AB1280DEAF500555A6E /* LabelDefault.swift in Sources */,
				AD4EEAB8281841100088CF68 /* ReviewCoordinator.swift in Sources */,
				ADF7B4252819977C00B0B31D /* ViewControllerDefault.swift in Sources */,
				AD03D7682814747F0079E249 /* AddressView.swift in Sources */,
				AD48F275281C54690071947B /* KeychainHelper.swift in Sources */,
				AD424A96280DCD0800555A6E /* AppDelegate.swift in Sources */,
				AD4EEAC428185ADC0088CF68 /* RegisterViewDelegate.swift in Sources */,
				ADE6721B281AF750009FF144 /* UserModel.swift in Sources */,
				AD424A98280DCD0800555A6E /* SceneDelegate.swift in Sources */,
			);
			runOnlyForDeploymentPostprocessing = 0;
		};
/* End PBXSourcesBuildPhase section */

/* Begin PBXVariantGroup section */
		AD424A9B280DCD0800555A6E /* Main.storyboard */ = {
			isa = PBXVariantGroup;
			children = (
				AD424A9C280DCD0800555A6E /* Base */,
			);
			name = Main.storyboard;
			sourceTree = "<group>";
		};
		AD424AA0280DCD0B00555A6E /* LaunchScreen.storyboard */ = {
			isa = PBXVariantGroup;
			children = (
				AD424AA1280DCD0B00555A6E /* Base */,
			);
			name = LaunchScreen.storyboard;
			sourceTree = "<group>";
		};
/* End PBXVariantGroup section */

/* Begin XCBuildConfiguration section */
		AD424AA4280DCD0B00555A6E /* Debug */ = {
			isa = XCBuildConfiguration;
			buildSettings = {
				ALWAYS_SEARCH_USER_PATHS = NO;
				CLANG_ANALYZER_NONNULL = YES;
				CLANG_ANALYZER_NUMBER_OBJECT_CONVERSION = YES_AGGRESSIVE;
				CLANG_CXX_LANGUAGE_STANDARD = "gnu++17";
				CLANG_CXX_LIBRARY = "libc++";
				CLANG_ENABLE_MODULES = YES;
				CLANG_ENABLE_OBJC_ARC = YES;
				CLANG_ENABLE_OBJC_WEAK = YES;
				CLANG_WARN_BLOCK_CAPTURE_AUTORELEASING = YES;
				CLANG_WARN_BOOL_CONVERSION = YES;
				CLANG_WARN_COMMA = YES;
				CLANG_WARN_CONSTANT_CONVERSION = YES;
				CLANG_WARN_DEPRECATED_OBJC_IMPLEMENTATIONS = YES;
				CLANG_WARN_DIRECT_OBJC_ISA_USAGE = YES_ERROR;
				CLANG_WARN_DOCUMENTATION_COMMENTS = YES;
				CLANG_WARN_EMPTY_BODY = YES;
				CLANG_WARN_ENUM_CONVERSION = YES;
				CLANG_WARN_INFINITE_RECURSION = YES;
				CLANG_WARN_INT_CONVERSION = YES;
				CLANG_WARN_NON_LITERAL_NULL_CONVERSION = YES;
				CLANG_WARN_OBJC_IMPLICIT_RETAIN_SELF = YES;
				CLANG_WARN_OBJC_LITERAL_CONVERSION = YES;
				CLANG_WARN_OBJC_ROOT_CLASS = YES_ERROR;
				CLANG_WARN_QUOTED_INCLUDE_IN_FRAMEWORK_HEADER = YES;
				CLANG_WARN_RANGE_LOOP_ANALYSIS = YES;
				CLANG_WARN_STRICT_PROTOTYPES = YES;
				CLANG_WARN_SUSPICIOUS_MOVE = YES;
				CLANG_WARN_UNGUARDED_AVAILABILITY = YES_AGGRESSIVE;
				CLANG_WARN_UNREACHABLE_CODE = YES;
				CLANG_WARN__DUPLICATE_METHOD_MATCH = YES;
				COPY_PHASE_STRIP = NO;
				DEBUG_INFORMATION_FORMAT = dwarf;
				ENABLE_STRICT_OBJC_MSGSEND = YES;
				ENABLE_TESTABILITY = YES;
				GCC_C_LANGUAGE_STANDARD = gnu11;
				GCC_DYNAMIC_NO_PIC = NO;
				GCC_NO_COMMON_BLOCKS = YES;
				GCC_OPTIMIZATION_LEVEL = 0;
				GCC_PREPROCESSOR_DEFINITIONS = (
					"DEBUG=1",
					"$(inherited)",
				);
				GCC_WARN_64_TO_32_BIT_CONVERSION = YES;
				GCC_WARN_ABOUT_RETURN_TYPE = YES_ERROR;
				GCC_WARN_UNDECLARED_SELECTOR = YES;
				GCC_WARN_UNINITIALIZED_AUTOS = YES_AGGRESSIVE;
				GCC_WARN_UNUSED_FUNCTION = YES;
				GCC_WARN_UNUSED_VARIABLE = YES;
				IPHONEOS_DEPLOYMENT_TARGET = 15.2;
				MTL_ENABLE_DEBUG_INFO = INCLUDE_SOURCE;
				MTL_FAST_MATH = YES;
				ONLY_ACTIVE_ARCH = YES;
				SDKROOT = iphoneos;
				SWIFT_ACTIVE_COMPILATION_CONDITIONS = DEBUG;
				SWIFT_OPTIMIZATION_LEVEL = "-Onone";
			};
			name = Debug;
		};
		AD424AA5280DCD0B00555A6E /* Release */ = {
			isa = XCBuildConfiguration;
			buildSettings = {
				ALWAYS_SEARCH_USER_PATHS = NO;
				CLANG_ANALYZER_NONNULL = YES;
				CLANG_ANALYZER_NUMBER_OBJECT_CONVERSION = YES_AGGRESSIVE;
				CLANG_CXX_LANGUAGE_STANDARD = "gnu++17";
				CLANG_CXX_LIBRARY = "libc++";
				CLANG_ENABLE_MODULES = YES;
				CLANG_ENABLE_OBJC_ARC = YES;
				CLANG_ENABLE_OBJC_WEAK = YES;
				CLANG_WARN_BLOCK_CAPTURE_AUTORELEASING = YES;
				CLANG_WARN_BOOL_CONVERSION = YES;
				CLANG_WARN_COMMA = YES;
				CLANG_WARN_CONSTANT_CONVERSION = YES;
				CLANG_WARN_DEPRECATED_OBJC_IMPLEMENTATIONS = YES;
				CLANG_WARN_DIRECT_OBJC_ISA_USAGE = YES_ERROR;
				CLANG_WARN_DOCUMENTATION_COMMENTS = YES;
				CLANG_WARN_EMPTY_BODY = YES;
				CLANG_WARN_ENUM_CONVERSION = YES;
				CLANG_WARN_INFINITE_RECURSION = YES;
				CLANG_WARN_INT_CONVERSION = YES;
				CLANG_WARN_NON_LITERAL_NULL_CONVERSION = YES;
				CLANG_WARN_OBJC_IMPLICIT_RETAIN_SELF = YES;
				CLANG_WARN_OBJC_LITERAL_CONVERSION = YES;
				CLANG_WARN_OBJC_ROOT_CLASS = YES_ERROR;
				CLANG_WARN_QUOTED_INCLUDE_IN_FRAMEWORK_HEADER = YES;
				CLANG_WARN_RANGE_LOOP_ANALYSIS = YES;
				CLANG_WARN_STRICT_PROTOTYPES = YES;
				CLANG_WARN_SUSPICIOUS_MOVE = YES;
				CLANG_WARN_UNGUARDED_AVAILABILITY = YES_AGGRESSIVE;
				CLANG_WARN_UNREACHABLE_CODE = YES;
				CLANG_WARN__DUPLICATE_METHOD_MATCH = YES;
				COPY_PHASE_STRIP = NO;
				DEBUG_INFORMATION_FORMAT = "dwarf-with-dsym";
				ENABLE_NS_ASSERTIONS = NO;
				ENABLE_STRICT_OBJC_MSGSEND = YES;
				GCC_C_LANGUAGE_STANDARD = gnu11;
				GCC_NO_COMMON_BLOCKS = YES;
				GCC_WARN_64_TO_32_BIT_CONVERSION = YES;
				GCC_WARN_ABOUT_RETURN_TYPE = YES_ERROR;
				GCC_WARN_UNDECLARED_SELECTOR = YES;
				GCC_WARN_UNINITIALIZED_AUTOS = YES_AGGRESSIVE;
				GCC_WARN_UNUSED_FUNCTION = YES;
				GCC_WARN_UNUSED_VARIABLE = YES;
				IPHONEOS_DEPLOYMENT_TARGET = 15.2;
				MTL_ENABLE_DEBUG_INFO = NO;
				MTL_FAST_MATH = YES;
				SDKROOT = iphoneos;
				SWIFT_COMPILATION_MODE = wholemodule;
				SWIFT_OPTIMIZATION_LEVEL = "-O";
				VALIDATE_PRODUCT = YES;
			};
			name = Release;
		};
		AD424AA7280DCD0B00555A6E /* Debug */ = {
			isa = XCBuildConfiguration;
			buildSettings = {
				ASSETCATALOG_COMPILER_APPICON_NAME = AppIcon;
				ASSETCATALOG_COMPILER_GLOBAL_ACCENT_COLOR_NAME = AccentColor;
				CODE_SIGN_STYLE = Automatic;
				CURRENT_PROJECT_VERSION = 1;
				DEVELOPMENT_TEAM = 23DQ83Y243;
				GENERATE_INFOPLIST_FILE = YES;
				INFOPLIST_FILE = RegisterApp/Info.plist;
				INFOPLIST_KEY_UIApplicationSupportsIndirectInputEvents = YES;
				INFOPLIST_KEY_UILaunchStoryboardName = LaunchScreen;
				INFOPLIST_KEY_UIMainStoryboardFile = Main;
				INFOPLIST_KEY_UISupportedInterfaceOrientations_iPad = "UIInterfaceOrientationPortrait UIInterfaceOrientationPortraitUpsideDown UIInterfaceOrientationLandscapeLeft UIInterfaceOrientationLandscapeRight";
				INFOPLIST_KEY_UISupportedInterfaceOrientations_iPhone = "UIInterfaceOrientationPortrait UIInterfaceOrientationLandscapeLeft UIInterfaceOrientationLandscapeRight";
				LD_RUNPATH_SEARCH_PATHS = (
					"$(inherited)",
					"@executable_path/Frameworks",
				);
				MARKETING_VERSION = 1.0;
				PRODUCT_BUNDLE_IDENTIFIER = br.com.nttdata.RegisterApp;
				PRODUCT_NAME = "$(TARGET_NAME)";
				SWIFT_EMIT_LOC_STRINGS = YES;
				SWIFT_VERSION = 5.0;
				TARGETED_DEVICE_FAMILY = "1,2";
			};
			name = Debug;
		};
		AD424AA8280DCD0B00555A6E /* Release */ = {
			isa = XCBuildConfiguration;
			buildSettings = {
				ASSETCATALOG_COMPILER_APPICON_NAME = AppIcon;
				ASSETCATALOG_COMPILER_GLOBAL_ACCENT_COLOR_NAME = AccentColor;
				CODE_SIGN_STYLE = Automatic;
				CURRENT_PROJECT_VERSION = 1;
				DEVELOPMENT_TEAM = 23DQ83Y243;
				GENERATE_INFOPLIST_FILE = YES;
				INFOPLIST_FILE = RegisterApp/Info.plist;
				INFOPLIST_KEY_UIApplicationSupportsIndirectInputEvents = YES;
				INFOPLIST_KEY_UILaunchStoryboardName = LaunchScreen;
				INFOPLIST_KEY_UIMainStoryboardFile = Main;
				INFOPLIST_KEY_UISupportedInterfaceOrientations_iPad = "UIInterfaceOrientationPortrait UIInterfaceOrientationPortraitUpsideDown UIInterfaceOrientationLandscapeLeft UIInterfaceOrientationLandscapeRight";
				INFOPLIST_KEY_UISupportedInterfaceOrientations_iPhone = "UIInterfaceOrientationPortrait UIInterfaceOrientationLandscapeLeft UIInterfaceOrientationLandscapeRight";
				LD_RUNPATH_SEARCH_PATHS = (
					"$(inherited)",
					"@executable_path/Frameworks",
				);
				MARKETING_VERSION = 1.0;
				PRODUCT_BUNDLE_IDENTIFIER = br.com.nttdata.RegisterApp;
				PRODUCT_NAME = "$(TARGET_NAME)";
				SWIFT_EMIT_LOC_STRINGS = YES;
				SWIFT_VERSION = 5.0;
				TARGETED_DEVICE_FAMILY = "1,2";
			};
			name = Release;
		};
/* End XCBuildConfiguration section */

/* Begin XCConfigurationList section */
		AD424A8D280DCD0800555A6E /* Build configuration list for PBXProject "RegisterApp" */ = {
			isa = XCConfigurationList;
			buildConfigurations = (
				AD424AA4280DCD0B00555A6E /* Debug */,
				AD424AA5280DCD0B00555A6E /* Release */,
			);
			defaultConfigurationIsVisible = 0;
			defaultConfigurationName = Release;
		};
		AD424AA6280DCD0B00555A6E /* Build configuration list for PBXNativeTarget "RegisterApp" */ = {
			isa = XCConfigurationList;
			buildConfigurations = (
				AD424AA7280DCD0B00555A6E /* Debug */,
				AD424AA8280DCD0B00555A6E /* Release */,
			);
			defaultConfigurationIsVisible = 0;
			defaultConfigurationName = Release;
		};
/* End XCConfigurationList section */

/* Begin XCRemoteSwiftPackageReference section */
		ADFED5D12810877100F3BDFA /* XCRemoteSwiftPackageReference "UIViewCanvas" */ = {
			isa = XCRemoteSwiftPackageReference;
			repositoryURL = "https://github.com/outrowender/UIViewCanvas";
			requirement = {
				branch = main;
				kind = branch;
			};
		};
/* End XCRemoteSwiftPackageReference section */

/* Begin XCSwiftPackageProductDependency section */
		ADFED5D22810877100F3BDFA /* UIViewCanvas */ = {
			isa = XCSwiftPackageProductDependency;
			package = ADFED5D12810877100F3BDFA /* XCRemoteSwiftPackageReference "UIViewCanvas" */;
			productName = UIViewCanvas;
		};
/* End XCSwiftPackageProductDependency section */
	};
	rootObject = AD424A8A280DCD0800555A6E /* Project object */;
}
